
Microsoft Visual Studio Solution File, Format Version 12.00
# Visual Studio Version 17
VisualStudioVersion = 17.7.34031.279
MinimumVisualStudioVersion = 10.0.40219.1
Project("{FAE04EC0-301F-11D3-BF4B-00C04F79EFBC}") = "Main", "Main\Main.csproj", "{9847E7A7-0CD1-415F-826D-DCFB6F9CDE4E}"
EndProject
Global
	GlobalSection(SolutionConfigurationPlatforms) = preSolution
		Debug|Any CPU = Debug|Any CPU
		Release|Any CPU = Release|Any CPU
	EndGlobalSection
	GlobalSection(ProjectConfigurationPlatforms) = postSolution
		{9847E7A7-0CD1-415F-826D-DCFB6F9CDE4E}.Debug|Any CPU.ActiveCfg = Debug|Any CPU
		{9847E7A7-0CD1-415F-826D-DCFB6F9CDE4E}.Debug|Any CPU.Build.0 = Debug|Any CPU
		{9847E7A7-0CD1-415F-826D-DCFB6F9CDE4E}.Release|Any CPU.ActiveCfg = Release|Any CPU
		{9847E7A7-0CD1-415F-826D-DCFB6F9CDE4E}.Release|Any CPU.Build.0 = Release|Any CPU
	EndGlobalSection
	GlobalSection(SolutionProperties) = preSolution
		HideSolutionNode = FALSE
	EndGlobalSection
	GlobalSection(ExtensibilityGlobals) = postSolution
		SolutionGuid = {4579280F-D7FC-41FD-81F5-7009062DB881}
	EndGlobalSection
EndGlobal
