
Microsoft Visual Studio Solution File, Format Version 12.00
# Visual Studio Version 17
VisualStudioVersion = 17.7.34031.279
MinimumVisualStudioVersion = 10.0.40219.1
Project("{FAE04EC0-301F-11D3-BF4B-00C04F79EFBC}") = "LabTask", "LabTask.csproj", "{D879AFC5-74E2-41D2-BE3E-BE096E6012C2}"
EndProject
Global
	GlobalSection(SolutionConfigurationPlatforms) = preSolution
		Debug|Any CPU = Debug|Any CPU
		Release|Any CPU = Release|Any CPU
	EndGlobalSection
	GlobalSection(ProjectConfigurationPlatforms) = postSolution
		{D879AFC5-74E2-41D2-BE3E-BE096E6012C2}.Debug|Any CPU.ActiveCfg = Debug|Any CPU
		{D879AFC5-74E2-41D2-BE3E-BE096E6012C2}.Debug|Any CPU.Build.0 = Debug|Any CPU
		{D879AFC5-74E2-41D2-BE3E-BE096E6012C2}.Release|Any CPU.ActiveCfg = Release|Any CPU
		{D879AFC5-74E2-41D2-BE3E-BE096E6012C2}.Release|Any CPU.Build.0 = Release|Any CPU
	EndGlobalSection
	GlobalSection(SolutionProperties) = preSolution
		HideSolutionNode = FALSE
	EndGlobalSection
	GlobalSection(ExtensibilityGlobals) = postSolution
		SolutionGuid = {C40E58E8-5F86-4C02-923B-7B15A9CB5D7B}
	EndGlobalSection
EndGlobal
