
Microsoft Visual Studio Solution File, Format Version 12.00
# Visual Studio Version 16
VisualStudioVersion = 16.0.30104.148
MinimumVisualStudioVersion = 10.0.40219.1
Project("{FAE04EC0-301F-11D3-BF4B-00C04F79EFBC}") = "WFAStartH", "WFAStartH\WFAStartH.csproj", "{BF12A5C5-E824-4575-A6BC-EBBE81C8D294}"
EndProject
Global
	GlobalSection(SolutionConfigurationPlatforms) = preSolution
		Debug|Any CPU = Debug|Any CPU
		Release|Any CPU = Release|Any CPU
	EndGlobalSection
	GlobalSection(ProjectConfigurationPlatforms) = postSolution
		{BF12A5C5-E824-4575-A6BC-EBBE81C8D294}.Debug|Any CPU.ActiveCfg = Debug|Any CPU
		{BF12A5C5-E824-4575-A6BC-EBBE81C8D294}.Debug|Any CPU.Build.0 = Debug|Any CPU
		{BF12A5C5-E824-4575-A6BC-EBBE81C8D294}.Release|Any CPU.ActiveCfg = Release|Any CPU
		{BF12A5C5-E824-4575-A6BC-EBBE81C8D294}.Release|Any CPU.Build.0 = Release|Any CPU
	EndGlobalSection
	GlobalSection(SolutionProperties) = preSolution
		HideSolutionNode = FALSE
	EndGlobalSection
	GlobalSection(ExtensibilityGlobals) = postSolution
		SolutionGuid = {CF300DD6-4E0C-47B2-A3DD-36DACE53CEA3}
	EndGlobalSection
EndGlobal
