
Microsoft Visual Studio Solution File, Format Version 12.00
# Visual Studio Version 16
VisualStudioVersion = 16.0.30104.148
MinimumVisualStudioVersion = 10.0.40219.1
Project("{FAE04EC0-301F-11D3-BF4B-00C04F79EFBC}") = "ConsoleAppStart", "ConsoleAppStart\ConsoleAppStart.csproj", "{5F3F735B-A8D0-4C06-8C60-DB4A6ED20389}"
EndProject
Global
	GlobalSection(SolutionConfigurationPlatforms) = preSolution
		Debug|Any CPU = Debug|Any CPU
		Release|Any CPU = Release|Any CPU
	EndGlobalSection
	GlobalSection(ProjectConfigurationPlatforms) = postSolution
		{5F3F735B-A8D0-4C06-8C60-DB4A6ED20389}.Debug|Any CPU.ActiveCfg = Debug|Any CPU
		{5F3F735B-A8D0-4C06-8C60-DB4A6ED20389}.Debug|Any CPU.Build.0 = Debug|Any CPU
		{5F3F735B-A8D0-4C06-8C60-DB4A6ED20389}.Release|Any CPU.ActiveCfg = Release|Any CPU
		{5F3F735B-A8D0-4C06-8C60-DB4A6ED20389}.Release|Any CPU.Build.0 = Release|Any CPU
	EndGlobalSection
	GlobalSection(SolutionProperties) = preSolution
		HideSolutionNode = FALSE
	EndGlobalSection
	GlobalSection(ExtensibilityGlobals) = postSolution
		SolutionGuid = {F8AA66C1-24D0-45E2-9299-8A145A8D40FE}
	EndGlobalSection
EndGlobal
