
Microsoft Visual Studio Solution File, Format Version 12.00
# Visual Studio Version 16
VisualStudioVersion = 16.0.30104.148
MinimumVisualStudioVersion = 10.0.40219.1
Project("{FAE04EC0-301F-11D3-BF4B-00C04F79EFBC}") = "ConsoleAppFM", "ConsoleAppFM\ConsoleAppFM.csproj", "{3E2E4B9A-F717-49BA-886B-AFD877217B8D}"
EndProject
Global
	GlobalSection(SolutionConfigurationPlatforms) = preSolution
		Debug|Any CPU = Debug|Any CPU
		Release|Any CPU = Release|Any CPU
	EndGlobalSection
	GlobalSection(ProjectConfigurationPlatforms) = postSolution
		{3E2E4B9A-F717-49BA-886B-AFD877217B8D}.Debug|Any CPU.ActiveCfg = Debug|Any CPU
		{3E2E4B9A-F717-49BA-886B-AFD877217B8D}.Debug|Any CPU.Build.0 = Debug|Any CPU
		{3E2E4B9A-F717-49BA-886B-AFD877217B8D}.Release|Any CPU.ActiveCfg = Release|Any CPU
		{3E2E4B9A-F717-49BA-886B-AFD877217B8D}.Release|Any CPU.Build.0 = Release|Any CPU
	EndGlobalSection
	GlobalSection(SolutionProperties) = preSolution
		HideSolutionNode = FALSE
	EndGlobalSection
	GlobalSection(ExtensibilityGlobals) = postSolution
		SolutionGuid = {B4876219-1DCA-4F46-9790-E81311B3ADA8}
	EndGlobalSection
EndGlobal
